
Microsoft Visual Studio Solution File, Format Version 12.00
# Visual Studio 2013
VisualStudioVersion = 12.0.31101.0
MinimumVisualStudioVersion = 10.0.40219.1
Project("{FAE04EC0-301F-11D3-BF4B-00C04F79EFBC}") = "Crawler.API", "Crawler.API\Crawler.API.csproj", "{2512DA2E-63A2-48E7-9615-536E228B886B}"
EndProject
Project("{FAE04EC0-301F-11D3-BF4B-00C04F79EFBC}") = "Crawler.Data", "Crawler.Data\Crawler.Data.csproj", "{BFBBBB6A-1D53-4647-BA8A-390D816C573C}"
EndProject
Project("{2150E333-8FDC-42A3-9474-1A3956D46DE8}") = "Storage", "Storage", "{CA4B77E6-2779-4DA4-A7E5-54A13EA6D600}"
EndProject
Project("{2150E333-8FDC-42A3-9474-1A3956D46DE8}") = "Client", "Client", "{7710AF99-C604-486A-9F30-666755A49A24}"
EndProject
Project("{2150E333-8FDC-42A3-9474-1A3956D46DE8}") = "Common", "Common", "{F600F0C8-4C98-4253-94E5-5FA384F2FB5B}"
EndProject
Project("{FAE04EC0-301F-11D3-BF4B-00C04F79EFBC}") = "Crawler.DTO", "Crawler.DTO\Crawler.DTO.csproj", "{B59805B1-331C-4701-A7F9-4801A5675C67}"
EndProject
Project("{FAE04EC0-301F-11D3-BF4B-00C04F79EFBC}") = "Crawler.Core", "Crawler.Core\Crawler.Core.csproj", "{BBFE2811-9117-400B-9167-23034D583DD6}"
EndProject
Project("{FAE04EC0-301F-11D3-BF4B-00C04F79EFBC}") = "Crawler.Executable", "Crawler.Executable\Crawler.Executable.csproj", "{F2D84ABF-EF59-4547-A7BA-1EEEFE73FC03}"
EndProject
Project("{FAE04EC0-301F-11D3-BF4B-00C04F79EFBC}") = "Crawler.Scheduler", "Crawler.Scheduler\Crawler.Scheduler.csproj", "{2991FD2A-7C0D-4035-A0CA-C47ACDF29F24}"
EndProject
Project("{2150E333-8FDC-42A3-9474-1A3956D46DE8}") = "Web", "Web", "{ED4E8C7D-798A-4D00-A8E8-7E769F698193}"
EndProject
Project("{FAE04EC0-301F-11D3-BF4B-00C04F79EFBC}") = "Crawler.TimelineWeb", "Crawler.TimelineWeb\Crawler.TimelineWeb.csproj", "{17803EC4-9FE1-43FC-8CF8-B4D45DF9FCB8}"
EndProject
Project("{8BB2217D-0F2D-49D1-97BC-3654ED321F3B}") = "Crawler.Web", "Crawler.Web\Crawler.Web.kproj", "{B5556FF3-F3BA-47BD-92BA-00C1522A63AB}"
EndProject
Project("{8BB2217D-0F2D-49D1-97BC-3654ED321F3B}") = "Crawler.WebP", "Crawler.WebP\Crawler.WebP.kproj", "{03163752-BFD8-420C-8899-BFE87BC85D31}"
EndProject
Project("{FAE04EC0-301F-11D3-BF4B-00C04F79EFBC}") = "Crawler.ClientWPF", "Crawler.ClientWPF\Crawler.ClientWPF.csproj", "{090A63CA-BD1B-4265-A0C1-81962299FA0A}"
EndProject
Project("{FAE04EC0-301F-11D3-BF4B-00C04F79EFBC}") = "Crawler.SingleMode", "Crawler.SingleMode\Crawler.SingleMode.csproj", "{986BA9EF-1706-4A04-899D-28AA2923B1D3}"
EndProject
Global
	GlobalSection(SubversionScc) = preSolution
		Svn-Managed = True
		Manager = AnkhSVN - Subversion Support for Visual Studio
	EndGlobalSection
	GlobalSection(SolutionConfigurationPlatforms) = preSolution
		Debug|Any CPU = Debug|Any CPU
		Release|Any CPU = Release|Any CPU
	EndGlobalSection
	GlobalSection(ProjectConfigurationPlatforms) = postSolution
		{2512DA2E-63A2-48E7-9615-536E228B886B}.Debug|Any CPU.ActiveCfg = Debug|Any CPU
		{2512DA2E-63A2-48E7-9615-536E228B886B}.Debug|Any CPU.Build.0 = Debug|Any CPU
		{2512DA2E-63A2-48E7-9615-536E228B886B}.Release|Any CPU.ActiveCfg = Release|Any CPU
		{2512DA2E-63A2-48E7-9615-536E228B886B}.Release|Any CPU.Build.0 = Release|Any CPU
		{BFBBBB6A-1D53-4647-BA8A-390D816C573C}.Debug|Any CPU.ActiveCfg = Debug|Any CPU
		{BFBBBB6A-1D53-4647-BA8A-390D816C573C}.Debug|Any CPU.Build.0 = Debug|Any CPU
		{BFBBBB6A-1D53-4647-BA8A-390D816C573C}.Release|Any CPU.ActiveCfg = Release|Any CPU
		{BFBBBB6A-1D53-4647-BA8A-390D816C573C}.Release|Any CPU.Build.0 = Release|Any CPU
		{B59805B1-331C-4701-A7F9-4801A5675C67}.Debug|Any CPU.ActiveCfg = Debug|Any CPU
		{B59805B1-331C-4701-A7F9-4801A5675C67}.Debug|Any CPU.Build.0 = Debug|Any CPU
		{B59805B1-331C-4701-A7F9-4801A5675C67}.Release|Any CPU.ActiveCfg = Release|Any CPU
		{B59805B1-331C-4701-A7F9-4801A5675C67}.Release|Any CPU.Build.0 = Release|Any CPU
		{BBFE2811-9117-400B-9167-23034D583DD6}.Debug|Any CPU.ActiveCfg = Debug|Any CPU
		{BBFE2811-9117-400B-9167-23034D583DD6}.Debug|Any CPU.Build.0 = Debug|Any CPU
		{BBFE2811-9117-400B-9167-23034D583DD6}.Release|Any CPU.ActiveCfg = Release|Any CPU
		{BBFE2811-9117-400B-9167-23034D583DD6}.Release|Any CPU.Build.0 = Release|Any CPU
		{F2D84ABF-EF59-4547-A7BA-1EEEFE73FC03}.Debug|Any CPU.ActiveCfg = Debug|Any CPU
		{F2D84ABF-EF59-4547-A7BA-1EEEFE73FC03}.Debug|Any CPU.Build.0 = Debug|Any CPU
		{F2D84ABF-EF59-4547-A7BA-1EEEFE73FC03}.Release|Any CPU.ActiveCfg = Release|Any CPU
		{F2D84ABF-EF59-4547-A7BA-1EEEFE73FC03}.Release|Any CPU.Build.0 = Release|Any CPU
		{2991FD2A-7C0D-4035-A0CA-C47ACDF29F24}.Debug|Any CPU.ActiveCfg = Debug|Any CPU
		{2991FD2A-7C0D-4035-A0CA-C47ACDF29F24}.Debug|Any CPU.Build.0 = Debug|Any CPU
		{2991FD2A-7C0D-4035-A0CA-C47ACDF29F24}.Release|Any CPU.ActiveCfg = Release|Any CPU
		{2991FD2A-7C0D-4035-A0CA-C47ACDF29F24}.Release|Any CPU.Build.0 = Release|Any CPU
		{17803EC4-9FE1-43FC-8CF8-B4D45DF9FCB8}.Debug|Any CPU.ActiveCfg = Debug|Any CPU
		{17803EC4-9FE1-43FC-8CF8-B4D45DF9FCB8}.Debug|Any CPU.Build.0 = Debug|Any CPU
		{17803EC4-9FE1-43FC-8CF8-B4D45DF9FCB8}.Release|Any CPU.ActiveCfg = Release|Any CPU
		{17803EC4-9FE1-43FC-8CF8-B4D45DF9FCB8}.Release|Any CPU.Build.0 = Release|Any CPU
		{B5556FF3-F3BA-47BD-92BA-00C1522A63AB}.Debug|Any CPU.ActiveCfg = Debug|Any CPU
		{B5556FF3-F3BA-47BD-92BA-00C1522A63AB}.Debug|Any CPU.Build.0 = Debug|Any CPU
		{B5556FF3-F3BA-47BD-92BA-00C1522A63AB}.Release|Any CPU.ActiveCfg = Release|Any CPU
		{B5556FF3-F3BA-47BD-92BA-00C1522A63AB}.Release|Any CPU.Build.0 = Release|Any CPU
		{03163752-BFD8-420C-8899-BFE87BC85D31}.Debug|Any CPU.ActiveCfg = Debug|Any CPU
		{03163752-BFD8-420C-8899-BFE87BC85D31}.Debug|Any CPU.Build.0 = Debug|Any CPU
		{03163752-BFD8-420C-8899-BFE87BC85D31}.Release|Any CPU.ActiveCfg = Release|Any CPU
		{03163752-BFD8-420C-8899-BFE87BC85D31}.Release|Any CPU.Build.0 = Release|Any CPU
		{090A63CA-BD1B-4265-A0C1-81962299FA0A}.Debug|Any CPU.ActiveCfg = Debug|Any CPU
		{090A63CA-BD1B-4265-A0C1-81962299FA0A}.Debug|Any CPU.Build.0 = Debug|Any CPU
		{090A63CA-BD1B-4265-A0C1-81962299FA0A}.Release|Any CPU.ActiveCfg = Release|Any CPU
		{090A63CA-BD1B-4265-A0C1-81962299FA0A}.Release|Any CPU.Build.0 = Release|Any CPU
		{986BA9EF-1706-4A04-899D-28AA2923B1D3}.Debug|Any CPU.ActiveCfg = Debug|Any CPU
		{986BA9EF-1706-4A04-899D-28AA2923B1D3}.Debug|Any CPU.Build.0 = Debug|Any CPU
		{986BA9EF-1706-4A04-899D-28AA2923B1D3}.Release|Any CPU.ActiveCfg = Release|Any CPU
		{986BA9EF-1706-4A04-899D-28AA2923B1D3}.Release|Any CPU.Build.0 = Release|Any CPU
	EndGlobalSection
	GlobalSection(SolutionProperties) = preSolution
		HideSolutionNode = FALSE
	EndGlobalSection
	GlobalSection(NestedProjects) = preSolution
		{2512DA2E-63A2-48E7-9615-536E228B886B} = {CA4B77E6-2779-4DA4-A7E5-54A13EA6D600}
		{BFBBBB6A-1D53-4647-BA8A-390D816C573C} = {CA4B77E6-2779-4DA4-A7E5-54A13EA6D600}
		{B59805B1-331C-4701-A7F9-4801A5675C67} = {F600F0C8-4C98-4253-94E5-5FA384F2FB5B}
		{BBFE2811-9117-400B-9167-23034D583DD6} = {7710AF99-C604-486A-9F30-666755A49A24}
		{F2D84ABF-EF59-4547-A7BA-1EEEFE73FC03} = {7710AF99-C604-486A-9F30-666755A49A24}
		{2991FD2A-7C0D-4035-A0CA-C47ACDF29F24} = {7710AF99-C604-486A-9F30-666755A49A24}
		{17803EC4-9FE1-43FC-8CF8-B4D45DF9FCB8} = {ED4E8C7D-798A-4D00-A8E8-7E769F698193}
		{B5556FF3-F3BA-47BD-92BA-00C1522A63AB} = {ED4E8C7D-798A-4D00-A8E8-7E769F698193}
		{03163752-BFD8-420C-8899-BFE87BC85D31} = {ED4E8C7D-798A-4D00-A8E8-7E769F698193}
		{090A63CA-BD1B-4265-A0C1-81962299FA0A} = {7710AF99-C604-486A-9F30-666755A49A24}
		{986BA9EF-1706-4A04-899D-28AA2923B1D3} = {7710AF99-C604-486A-9F30-666755A49A24}
	EndGlobalSection
EndGlobal
